
Microsoft Visual Studio Solution File, Format Version 12.00
# Visual Studio Version 16
VisualStudioVersion = 16.0.30002.166
MinimumVisualStudioVersion = 10.0.40219.1
Project("{9A19103F-16F7-4668-BE54-9A1E7A4F7556}") = "PersonSearch.App", "PersonSearch.App\PersonSearch.App.csproj", "{5BDA0839-C568-4B8A-8A01-9C15D63863F3}"
EndProject
Project("{2150E333-8FDC-42A3-9474-1A3956D46DE8}") = "Solution Items", "Solution Items", "{E84CC11E-71F7-4E68-99DC-FAD21DE01E56}"
	ProjectSection(SolutionItems) = preProject
		SqlScripts\InitialData.sql = SqlScripts\InitialData.sql
		PersonSearch.sln.DotSettings = PersonSearch.sln.DotSettings
		StartSpaCli.bat = StartSpaCli.bat
	EndProjectSection
EndProject
Project("{9A19103F-16F7-4668-BE54-9A1E7A4F7556}") = "PersonSearch.Domain", "PersonSearch.Domain\PersonSearch.Domain.csproj", "{ED50FFC0-6064-40FE-8CB2-C492F4F0E8D3}"
EndProject
Project("{9A19103F-16F7-4668-BE54-9A1E7A4F7556}") = "PersonSearch.Data", "PersonSearch.Data\PersonSearch.Data.csproj", "{265E94EF-7EF8-44C0-AD8C-AE58053CABE4}"
EndProject
Project("{9A19103F-16F7-4668-BE54-9A1E7A4F7556}") = "PersonSearch.Service", "PersonSearch.Service\PersonSearch.Service.csproj", "{B26B289D-4E3A-4E34-99B5-A4A23F4C68F5}"
EndProject
Project("{2150E333-8FDC-42A3-9474-1A3956D46DE8}") = "Tests", "Tests", "{8793C9EC-6853-452B-A191-FA8D8AA3CE0B}"
EndProject
Project("{FAE04EC0-301F-11D3-BF4B-00C04F79EFBC}") = "PersonSearch.Service.Test", "Tests\PersonSearch.Service.Test\PersonSearch.Service.Test.csproj", "{909F8A17-8DF3-44B6-B171-FA2F5A2E6C21}"
EndProject
Global
	GlobalSection(SolutionConfigurationPlatforms) = preSolution
		Debug|Any CPU = Debug|Any CPU
		Release|Any CPU = Release|Any CPU
	EndGlobalSection
	GlobalSection(ProjectConfigurationPlatforms) = postSolution
		{5BDA0839-C568-4B8A-8A01-9C15D63863F3}.Debug|Any CPU.ActiveCfg = Debug|Any CPU
		{5BDA0839-C568-4B8A-8A01-9C15D63863F3}.Debug|Any CPU.Build.0 = Debug|Any CPU
		{5BDA0839-C568-4B8A-8A01-9C15D63863F3}.Release|Any CPU.ActiveCfg = Release|Any CPU
		{5BDA0839-C568-4B8A-8A01-9C15D63863F3}.Release|Any CPU.Build.0 = Release|Any CPU
		{ED50FFC0-6064-40FE-8CB2-C492F4F0E8D3}.Debug|Any CPU.ActiveCfg = Debug|Any CPU
		{ED50FFC0-6064-40FE-8CB2-C492F4F0E8D3}.Debug|Any CPU.Build.0 = Debug|Any CPU
		{ED50FFC0-6064-40FE-8CB2-C492F4F0E8D3}.Release|Any CPU.ActiveCfg = Release|Any CPU
		{ED50FFC0-6064-40FE-8CB2-C492F4F0E8D3}.Release|Any CPU.Build.0 = Release|Any CPU
		{265E94EF-7EF8-44C0-AD8C-AE58053CABE4}.Debug|Any CPU.ActiveCfg = Debug|Any CPU
		{265E94EF-7EF8-44C0-AD8C-AE58053CABE4}.Debug|Any CPU.Build.0 = Debug|Any CPU
		{265E94EF-7EF8-44C0-AD8C-AE58053CABE4}.Release|Any CPU.ActiveCfg = Release|Any CPU
		{265E94EF-7EF8-44C0-AD8C-AE58053CABE4}.Release|Any CPU.Build.0 = Release|Any CPU
		{B26B289D-4E3A-4E34-99B5-A4A23F4C68F5}.Debug|Any CPU.ActiveCfg = Debug|Any CPU
		{B26B289D-4E3A-4E34-99B5-A4A23F4C68F5}.Debug|Any CPU.Build.0 = Debug|Any CPU
		{B26B289D-4E3A-4E34-99B5-A4A23F4C68F5}.Release|Any CPU.ActiveCfg = Release|Any CPU
		{B26B289D-4E3A-4E34-99B5-A4A23F4C68F5}.Release|Any CPU.Build.0 = Release|Any CPU
		{909F8A17-8DF3-44B6-B171-FA2F5A2E6C21}.Debug|Any CPU.ActiveCfg = Debug|Any CPU
		{909F8A17-8DF3-44B6-B171-FA2F5A2E6C21}.Debug|Any CPU.Build.0 = Debug|Any CPU
		{909F8A17-8DF3-44B6-B171-FA2F5A2E6C21}.Release|Any CPU.ActiveCfg = Release|Any CPU
		{909F8A17-8DF3-44B6-B171-FA2F5A2E6C21}.Release|Any CPU.Build.0 = Release|Any CPU
	EndGlobalSection
	GlobalSection(SolutionProperties) = preSolution
		HideSolutionNode = FALSE
	EndGlobalSection
	GlobalSection(ExtensibilityGlobals) = postSolution
		SolutionGuid = {22EB3E7E-7205-4901-A588-769E705B7F9B}
	EndGlobalSection
EndGlobal
